// !$*UTF8*$!
{
	archiveVersion = 1;
	classes = {
	};
	objectVersion = 50;
	objects = {

/* Begin PBXBuildFile section */
		5717E50725C9DA34007F42DE /* AppDelegate.swift in Sources */ = {isa = PBXBuildFile; fileRef = 5717E50625C9DA34007F42DE /* AppDelegate.swift */; };
		5717E50925C9DA34007F42DE /* ViewController.swift in Sources */ = {isa = PBXBuildFile; fileRef = 5717E50825C9DA34007F42DE /* ViewController.swift */; };
		5717E50B25C9DA34007F42DE /* Assets.xcassets in Resources */ = {isa = PBXBuildFile; fileRef = 5717E50A25C9DA34007F42DE /* Assets.xcassets */; };
		5717E50E25C9DA34007F42DE /* Main.storyboard in Resources */ = {isa = PBXBuildFile; fileRef = 5717E50C25C9DA34007F42DE /* Main.storyboard */; };
		5717E51625C9DB26007F42DE /* LauncherApplication.app in Resources */ = {isa = PBXBuildFile; fileRef = 5717E50425C9DA34007F42DE /* LauncherApplication.app */; };
		5717E51B25C9DB34007F42DE /* LauncherApplication.app in CopyFiles */ = {isa = PBXBuildFile; fileRef = 5717E50425C9DA34007F42DE /* LauncherApplication.app */; settings = {ATTRIBUTES = (RemoveHeadersOnCopy, ); }; };
		578D9EF925B3094E000FFFA0 /* Observer.swift in Sources */ = {isa = PBXBuildFile; fileRef = 578D9EF825B3094E000FFFA0 /* Observer.swift */; };
		57A536C7259E156400EC3892 /* XPCService.xpc in Embed XPC Services */ = {isa = PBXBuildFile; fileRef = 57A536BC259E156400EC3892 /* XPCService.xpc */; settings = {ATTRIBUTES = (RemoveHeadersOnCopy, ); }; };
		57A536DF259E16BF00EC3892 /* ChronosServiceDelegate.swift in Sources */ = {isa = PBXBuildFile; fileRef = 57A536BF259E156400EC3892 /* ChronosServiceDelegate.swift */; };
		57A536E0259E16BF00EC3892 /* ChronosService.swift in Sources */ = {isa = PBXBuildFile; fileRef = 57A536C0259E156400EC3892 /* ChronosService.swift */; };
		57A536E1259E16BF00EC3892 /* main.swift in Sources */ = {isa = PBXBuildFile; fileRef = 57A536C2259E156400EC3892 /* main.swift */; };
		57A53700259E1ED700EC3892 /* ChronosServiceProtocol.swift in Sources */ = {isa = PBXBuildFile; fileRef = 57A536FE259E1ED700EC3892 /* ChronosServiceProtocol.swift */; };
		57A53701259E1ED700EC3892 /* ChronosServiceProtocol.swift in Sources */ = {isa = PBXBuildFile; fileRef = 57A536FE259E1ED700EC3892 /* ChronosServiceProtocol.swift */; };
		57A53702259E1ED700EC3892 /* ChronosClientProtocol.swift in Sources */ = {isa = PBXBuildFile; fileRef = 57A536FF259E1ED700EC3892 /* ChronosClientProtocol.swift */; };
		57A53703259E1ED700EC3892 /* ChronosClientProtocol.swift in Sources */ = {isa = PBXBuildFile; fileRef = 57A536FF259E1ED700EC3892 /* ChronosClientProtocol.swift */; };
		57A53707259E20F000EC3892 /* IPCClient.swift in Sources */ = {isa = PBXBuildFile; fileRef = 57A53706259E20F000EC3892 /* IPCClient.swift */; };
		57A5370B259E236100EC3892 /* ChronosClient.swift in Sources */ = {isa = PBXBuildFile; fileRef = 57A5370A259E236100EC3892 /* ChronosClient.swift */; };
		57A53720259FA6E300EC3892 /* TimeZoneUtil.swift in Sources */ = {isa = PBXBuildFile; fileRef = 57A5371F259FA6E300EC3892 /* TimeZoneUtil.swift */; };
		57FDFF2C25C8A97E00329B4F /* ServiceManagement.framework in Frameworks */ = {isa = PBXBuildFile; fileRef = 57FDFF2B25C8A97E00329B4F /* ServiceManagement.framework */; };
		7F5F16122598F2F7004122EF /* ChronosApp.swift in Sources */ = {isa = PBXBuildFile; fileRef = 7F5F16112598F2F7004122EF /* ChronosApp.swift */; };
		7F5F16162598F2F8004122EF /* Assets.xcassets in Resources */ = {isa = PBXBuildFile; fileRef = 7F5F16152598F2F8004122EF /* Assets.xcassets */; };
		7F5F16192598F2F8004122EF /* Preview Assets.xcassets in Resources */ = {isa = PBXBuildFile; fileRef = 7F5F16182598F2F8004122EF /* Preview Assets.xcassets */; };
		7F5F1644259E2A8C004122EF /* AppDelegate.swift in Sources */ = {isa = PBXBuildFile; fileRef = 7F5F1643259E2A8C004122EF /* AppDelegate.swift */; };
		7F7E16F725B48555004D6CB8 /* MenuItemParentLink.swift in Sources */ = {isa = PBXBuildFile; fileRef = 7F7E16F625B48555004D6CB8 /* MenuItemParentLink.swift */; };
		7F7E16FC25B485EC004D6CB8 /* ArrayExtension.swift in Sources */ = {isa = PBXBuildFile; fileRef = 7F7E16FB25B485EC004D6CB8 /* ArrayExtension.swift */; };
		7F7E170125B48E3B004D6CB8 /* Database.swift in Sources */ = {isa = PBXBuildFile; fileRef = 7F7E170025B48E3B004D6CB8 /* Database.swift */; };
		7F7E170625B49051004D6CB8 /* TimeZoneEntity.swift in Sources */ = {isa = PBXBuildFile; fileRef = 7F7E170525B49051004D6CB8 /* TimeZoneEntity.swift */; };
		7F7E170A25B49FCD004D6CB8 /* TimeZoneUtility.swift in Sources */ = {isa = PBXBuildFile; fileRef = 7F7E170925B49FCD004D6CB8 /* TimeZoneUtility.swift */; };
		7FBC4E7925B340AA00796810 /* ChronosStatusBar.swift in Sources */ = {isa = PBXBuildFile; fileRef = 7FBC4E7825B340AA00796810 /* ChronosStatusBar.swift */; };
		7FBC4EA325B468CC00796810 /* ChronosDataModel.xcdatamodeld in Sources */ = {isa = PBXBuildFile; fileRef = 7FBC4EA125B468CC00796810 /* ChronosDataModel.xcdatamodeld */; };
		7FBC4EB125B4744800796810 /* ChronosSettings+CoreDataClass.swift in Sources */ = {isa = PBXBuildFile; fileRef = 7FBC4EAF25B4744800796810 /* ChronosSettings+CoreDataClass.swift */; };
		7FBC4EB225B4744800796810 /* ChronosSettings+CoreDataProperties.swift in Sources */ = {isa = PBXBuildFile; fileRef = 7FBC4EB025B4744800796810 /* ChronosSettings+CoreDataProperties.swift */; };
		7FBC4EBA25B481A400796810 /* ObserverManager.swift in Sources */ = {isa = PBXBuildFile; fileRef = 7FBC4EB925B481A400796810 /* ObserverManager.swift */; };
		7FBC4EBE25B4820400796810 /* GlobalObserverManager.swift in Sources */ = {isa = PBXBuildFile; fileRef = 7FBC4EBD25B4820400796810 /* GlobalObserverManager.swift */; };
/* End PBXBuildFile section */

/* Begin PBXContainerItemProxy section */
		5717E51725C9DB26007F42DE /* PBXContainerItemProxy */ = {
			isa = PBXContainerItemProxy;
			containerPortal = 7F5F16062598F2F7004122EF /* Project object */;
			proxyType = 1;
			remoteGlobalIDString = 5717E50325C9DA34007F42DE;
			remoteInfo = LauncherApplication;
		};
		57A536C5259E156400EC3892 /* PBXContainerItemProxy */ = {
			isa = PBXContainerItemProxy;
			containerPortal = 7F5F16062598F2F7004122EF /* Project object */;
			proxyType = 1;
			remoteGlobalIDString = 57A536BB259E156400EC3892;
			remoteInfo = XPCService;
		};
/* End PBXContainerItemProxy section */

/* Begin PBXCopyFilesBuildPhase section */
		57A536C8259E156400EC3892 /* Embed XPC Services */ = {
			isa = PBXCopyFilesBuildPhase;
			buildActionMask = 2147483647;
			dstPath = "$(CONTENTS_FOLDER_PATH)/XPCServices";
			dstSubfolderSpec = 16;
			files = (
				57A536C7259E156400EC3892 /* XPCService.xpc in Embed XPC Services */,
			);
			name = "Embed XPC Services";
			runOnlyForDeploymentPostprocessing = 0;
		};
		57A53734259FB4FA00EC3892 /* Embed Frameworks */ = {
			isa = PBXCopyFilesBuildPhase;
			buildActionMask = 2147483647;
			dstPath = "";
			dstSubfolderSpec = 10;
			files = (
			);
			name = "Embed Frameworks";
			runOnlyForDeploymentPostprocessing = 0;
		};
		57FDFF2625C8A93200329B4F /* CopyFiles */ = {
			isa = PBXCopyFilesBuildPhase;
			buildActionMask = 2147483647;
			dstPath = Contents/Library/LoginItems;
			dstSubfolderSpec = 1;
			files = (
				5717E51B25C9DB34007F42DE /* LauncherApplication.app in CopyFiles */,
			);
			runOnlyForDeploymentPostprocessing = 0;
		};
/* End PBXCopyFilesBuildPhase section */

/* Begin PBXFileReference section */
		5717E50425C9DA34007F42DE /* LauncherApplication.app */ = {isa = PBXFileReference; explicitFileType = wrapper.application; includeInIndex = 0; path = LauncherApplication.app; sourceTree = BUILT_PRODUCTS_DIR; };
		5717E50625C9DA34007F42DE /* AppDelegate.swift */ = {isa = PBXFileReference; lastKnownFileType = sourcecode.swift; path = AppDelegate.swift; sourceTree = "<group>"; };
		5717E50825C9DA34007F42DE /* ViewController.swift */ = {isa = PBXFileReference; lastKnownFileType = sourcecode.swift; path = ViewController.swift; sourceTree = "<group>"; };
		5717E50A25C9DA34007F42DE /* Assets.xcassets */ = {isa = PBXFileReference; lastKnownFileType = folder.assetcatalog; path = Assets.xcassets; sourceTree = "<group>"; };
		5717E50D25C9DA34007F42DE /* Base */ = {isa = PBXFileReference; lastKnownFileType = file.storyboard; name = Base; path = Base.lproj/Main.storyboard; sourceTree = "<group>"; };
		5717E50F25C9DA34007F42DE /* Info.plist */ = {isa = PBXFileReference; lastKnownFileType = text.plist.xml; path = Info.plist; sourceTree = "<group>"; };
		5717E51025C9DA34007F42DE /* LauncherApplication.entitlements */ = {isa = PBXFileReference; lastKnownFileType = text.plist.entitlements; path = LauncherApplication.entitlements; sourceTree = "<group>"; };
		578D9EF825B3094E000FFFA0 /* Observer.swift */ = {isa = PBXFileReference; lastKnownFileType = sourcecode.swift; path = Observer.swift; sourceTree = "<group>"; };
		57A536BC259E156400EC3892 /* XPCService.xpc */ = {isa = PBXFileReference; explicitFileType = "wrapper.xpc-service"; includeInIndex = 0; path = XPCService.xpc; sourceTree = BUILT_PRODUCTS_DIR; };
		57A536BF259E156400EC3892 /* ChronosServiceDelegate.swift */ = {isa = PBXFileReference; lastKnownFileType = sourcecode.swift; path = ChronosServiceDelegate.swift; sourceTree = "<group>"; };
		57A536C0259E156400EC3892 /* ChronosService.swift */ = {isa = PBXFileReference; lastKnownFileType = sourcecode.swift; path = ChronosService.swift; sourceTree = "<group>"; };
		57A536C2259E156400EC3892 /* main.swift */ = {isa = PBXFileReference; lastKnownFileType = sourcecode.swift; path = main.swift; sourceTree = "<group>"; };
		57A536C4259E156400EC3892 /* Info.plist */ = {isa = PBXFileReference; lastKnownFileType = text.plist.xml; path = Info.plist; sourceTree = "<group>"; };
		57A536FE259E1ED700EC3892 /* ChronosServiceProtocol.swift */ = {isa = PBXFileReference; fileEncoding = 4; lastKnownFileType = sourcecode.swift; path = ChronosServiceProtocol.swift; sourceTree = "<group>"; };
		57A536FF259E1ED700EC3892 /* ChronosClientProtocol.swift */ = {isa = PBXFileReference; fileEncoding = 4; lastKnownFileType = sourcecode.swift; path = ChronosClientProtocol.swift; sourceTree = "<group>"; };
		57A53706259E20F000EC3892 /* IPCClient.swift */ = {isa = PBXFileReference; lastKnownFileType = sourcecode.swift; path = IPCClient.swift; sourceTree = "<group>"; };
		57A5370A259E236100EC3892 /* ChronosClient.swift */ = {isa = PBXFileReference; lastKnownFileType = sourcecode.swift; path = ChronosClient.swift; sourceTree = "<group>"; };
		57A5371F259FA6E300EC3892 /* TimeZoneUtil.swift */ = {isa = PBXFileReference; lastKnownFileType = sourcecode.swift; path = TimeZoneUtil.swift; sourceTree = "<group>"; };
		57FDFF2B25C8A97E00329B4F /* ServiceManagement.framework */ = {isa = PBXFileReference; lastKnownFileType = wrapper.framework; name = ServiceManagement.framework; path = System/Library/Frameworks/ServiceManagement.framework; sourceTree = SDKROOT; };
		7F5F160E2598F2F7004122EF /* Chronos.app */ = {isa = PBXFileReference; explicitFileType = wrapper.application; includeInIndex = 0; path = Chronos.app; sourceTree = BUILT_PRODUCTS_DIR; };
		7F5F16112598F2F7004122EF /* ChronosApp.swift */ = {isa = PBXFileReference; indentWidth = 2; lastKnownFileType = sourcecode.swift; path = ChronosApp.swift; sourceTree = "<group>"; tabWidth = 2; };
		7F5F16152598F2F8004122EF /* Assets.xcassets */ = {isa = PBXFileReference; lastKnownFileType = folder.assetcatalog; path = Assets.xcassets; sourceTree = "<group>"; };
		7F5F16182598F2F8004122EF /* Preview Assets.xcassets */ = {isa = PBXFileReference; lastKnownFileType = folder.assetcatalog; path = "Preview Assets.xcassets"; sourceTree = "<group>"; };
		7F5F161A2598F2F8004122EF /* Info.plist */ = {isa = PBXFileReference; lastKnownFileType = text.plist.xml; path = Info.plist; sourceTree = "<group>"; };
		7F5F161B2598F2F8004122EF /* Chronos.entitlements */ = {isa = PBXFileReference; lastKnownFileType = text.plist.entitlements; path = Chronos.entitlements; sourceTree = "<group>"; };
		7F5F1643259E2A8C004122EF /* AppDelegate.swift */ = {isa = PBXFileReference; lastKnownFileType = sourcecode.swift; path = AppDelegate.swift; sourceTree = "<group>"; };
		7F7E16F625B48555004D6CB8 /* MenuItemParentLink.swift */ = {isa = PBXFileReference; lastKnownFileType = sourcecode.swift; path = MenuItemParentLink.swift; sourceTree = "<group>"; };
		7F7E16FB25B485EC004D6CB8 /* ArrayExtension.swift */ = {isa = PBXFileReference; lastKnownFileType = sourcecode.swift; path = ArrayExtension.swift; sourceTree = "<group>"; };
		7F7E170025B48E3B004D6CB8 /* Database.swift */ = {isa = PBXFileReference; lastKnownFileType = sourcecode.swift; path = Database.swift; sourceTree = "<group>"; };
		7F7E170525B49051004D6CB8 /* TimeZoneEntity.swift */ = {isa = PBXFileReference; lastKnownFileType = sourcecode.swift; path = TimeZoneEntity.swift; sourceTree = "<group>"; };
		7F7E170925B49FCD004D6CB8 /* TimeZoneUtility.swift */ = {isa = PBXFileReference; lastKnownFileType = sourcecode.swift; path = TimeZoneUtility.swift; sourceTree = "<group>"; };
		7FBC4E7825B340AA00796810 /* ChronosStatusBar.swift */ = {isa = PBXFileReference; lastKnownFileType = sourcecode.swift; path = ChronosStatusBar.swift; sourceTree = "<group>"; };
		7FBC4EA225B468CC00796810 /* ChronosDataModel.xcdatamodel */ = {isa = PBXFileReference; lastKnownFileType = wrapper.xcdatamodel; path = ChronosDataModel.xcdatamodel; sourceTree = "<group>"; };
		7FBC4EAF25B4744800796810 /* ChronosSettings+CoreDataClass.swift */ = {isa = PBXFileReference; lastKnownFileType = sourcecode.swift; path = "ChronosSettings+CoreDataClass.swift"; sourceTree = "<group>"; };
		7FBC4EB025B4744800796810 /* ChronosSettings+CoreDataProperties.swift */ = {isa = PBXFileReference; lastKnownFileType = sourcecode.swift; path = "ChronosSettings+CoreDataProperties.swift"; sourceTree = "<group>"; };
		7FBC4EB925B481A400796810 /* ObserverManager.swift */ = {isa = PBXFileReference; lastKnownFileType = sourcecode.swift; path = ObserverManager.swift; sourceTree = "<group>"; };
		7FBC4EBD25B4820400796810 /* GlobalObserverManager.swift */ = {isa = PBXFileReference; lastKnownFileType = sourcecode.swift; path = GlobalObserverManager.swift; sourceTree = "<group>"; };
/* End PBXFileReference section */

/* Begin PBXFrameworksBuildPhase section */
		5717E50125C9DA34007F42DE /* Frameworks */ = {
			isa = PBXFrameworksBuildPhase;
			buildActionMask = 2147483647;
			files = (
			);
			runOnlyForDeploymentPostprocessing = 0;
		};
		57A536B9259E156400EC3892 /* Frameworks */ = {
			isa = PBXFrameworksBuildPhase;
			buildActionMask = 2147483647;
			files = (
			);
			runOnlyForDeploymentPostprocessing = 0;
		};
		7F5F160B2598F2F7004122EF /* Frameworks */ = {
			isa = PBXFrameworksBuildPhase;
			buildActionMask = 2147483647;
			files = (
				57FDFF2C25C8A97E00329B4F /* ServiceManagement.framework in Frameworks */,
			);
			runOnlyForDeploymentPostprocessing = 0;
		};
/* End PBXFrameworksBuildPhase section */

/* Begin PBXGroup section */
		5717E50525C9DA34007F42DE /* LauncherApplication */ = {
			isa = PBXGroup;
			children = (
				5717E50625C9DA34007F42DE /* AppDelegate.swift */,
				5717E50825C9DA34007F42DE /* ViewController.swift */,
				5717E50A25C9DA34007F42DE /* Assets.xcassets */,
				5717E50C25C9DA34007F42DE /* Main.storyboard */,
				5717E50F25C9DA34007F42DE /* Info.plist */,
				5717E51025C9DA34007F42DE /* LauncherApplication.entitlements */,
			);
			path = LauncherApplication;
			sourceTree = "<group>";
		};
		578D9EF725B308F1000FFFA0 /* Observer */ = {
			isa = PBXGroup;
			children = (
				578D9EF825B3094E000FFFA0 /* Observer.swift */,
				7FBC4EB925B481A400796810 /* ObserverManager.swift */,
				7FBC4EBD25B4820400796810 /* GlobalObserverManager.swift */,
			);
			path = Observer;
			sourceTree = "<group>";
		};
		57A536BD259E156400EC3892 /* XPCService */ = {
			isa = PBXGroup;
			children = (
				57A536BF259E156400EC3892 /* ChronosServiceDelegate.swift */,
				57A536C0259E156400EC3892 /* ChronosService.swift */,
				57A536C2259E156400EC3892 /* main.swift */,
				57A536C4259E156400EC3892 /* Info.plist */,
				57A5371F259FA6E300EC3892 /* TimeZoneUtil.swift */,
			);
			path = XPCService;
			sourceTree = "<group>";
		};
		57A536FD259E1EBA00EC3892 /* IPC */ = {
			isa = PBXGroup;
			children = (
				57A536FF259E1ED700EC3892 /* ChronosClientProtocol.swift */,
				57A536FE259E1ED700EC3892 /* ChronosServiceProtocol.swift */,
			);
			path = IPC;
			sourceTree = "<group>";
		};
		57FDFF2A25C8A97E00329B4F /* Frameworks */ = {
			isa = PBXGroup;
			children = (
				57FDFF2B25C8A97E00329B4F /* ServiceManagement.framework */,
			);
			name = Frameworks;
			sourceTree = "<group>";
		};
		7F5F16052598F2F7004122EF = {
			isa = PBXGroup;
			children = (
				7FBC4EAF25B4744800796810 /* ChronosSettings+CoreDataClass.swift */,
				7FBC4EB025B4744800796810 /* ChronosSettings+CoreDataProperties.swift */,
				57A536FD259E1EBA00EC3892 /* IPC */,
				7F5F16102598F2F7004122EF /* Chronos */,
				57A536BD259E156400EC3892 /* XPCService */,
				5717E50525C9DA34007F42DE /* LauncherApplication */,
				7F5F160F2598F2F7004122EF /* Products */,
				57FDFF2A25C8A97E00329B4F /* Frameworks */,
			);
			sourceTree = "<group>";
		};
		7F5F160F2598F2F7004122EF /* Products */ = {
			isa = PBXGroup;
			children = (
				7F5F160E2598F2F7004122EF /* Chronos.app */,
				57A536BC259E156400EC3892 /* XPCService.xpc */,
				5717E50425C9DA34007F42DE /* LauncherApplication.app */,
			);
			name = Products;
			sourceTree = "<group>";
		};
		7F5F16102598F2F7004122EF /* Chronos */ = {
			isa = PBXGroup;
			children = (
				7F7E170825B49FBA004D6CB8 /* Utility */,
				7F7E16FF25B48DE5004D6CB8 /* Database */,
				7F7E16FA25B485A6004D6CB8 /* Extensions */,
				7F7E16F525B4853E004D6CB8 /* Models */,
				7FBC4EC125B483D500796810 /* Components */,
				7FBC4EC025B483A400796810 /* Services */,
				578D9EF725B308F1000FFFA0 /* Observer */,
				7F5F16112598F2F7004122EF /* ChronosApp.swift */,
				7F5F16152598F2F8004122EF /* Assets.xcassets */,
				7F5F161A2598F2F8004122EF /* Info.plist */,
				7F5F161B2598F2F8004122EF /* Chronos.entitlements */,
				7F5F16172598F2F8004122EF /* Preview Content */,
				7F5F1643259E2A8C004122EF /* AppDelegate.swift */,
				7FBC4EA125B468CC00796810 /* ChronosDataModel.xcdatamodeld */,
			);
			path = Chronos;
			sourceTree = "<group>";
		};
		7F5F16172598F2F8004122EF /* Preview Content */ = {
			isa = PBXGroup;
			children = (
				7F5F16182598F2F8004122EF /* Preview Assets.xcassets */,
			);
			path = "Preview Content";
			sourceTree = "<group>";
		};
		7F7E16F525B4853E004D6CB8 /* Models */ = {
			isa = PBXGroup;
			children = (
				7F7E16F625B48555004D6CB8 /* MenuItemParentLink.swift */,
			);
			path = Models;
			sourceTree = "<group>";
		};
		7F7E16FA25B485A6004D6CB8 /* Extensions */ = {
			isa = PBXGroup;
			children = (
				7F7E16FB25B485EC004D6CB8 /* ArrayExtension.swift */,
			);
			path = Extensions;
			sourceTree = "<group>";
		};
		7F7E16FF25B48DE5004D6CB8 /* Database */ = {
			isa = PBXGroup;
			children = (
				7F7E170025B48E3B004D6CB8 /* Database.swift */,
				7F7E170525B49051004D6CB8 /* TimeZoneEntity.swift */,
			);
			path = Database;
			sourceTree = "<group>";
		};
		7F7E170825B49FBA004D6CB8 /* Utility */ = {
			isa = PBXGroup;
			children = (
				7F7E170925B49FCD004D6CB8 /* TimeZoneUtility.swift */,
			);
			path = Utility;
			sourceTree = "<group>";
		};
		7FBC4EC025B483A400796810 /* Services */ = {
			isa = PBXGroup;
			children = (
				57A53706259E20F000EC3892 /* IPCClient.swift */,
				57A5370A259E236100EC3892 /* ChronosClient.swift */,
			);
			path = Services;
			sourceTree = "<group>";
		};
		7FBC4EC125B483D500796810 /* Components */ = {
			isa = PBXGroup;
			children = (
				7FBC4E7825B340AA00796810 /* ChronosStatusBar.swift */,
			);
			path = Components;
			sourceTree = "<group>";
		};
/* End PBXGroup section */

/* Begin PBXNativeTarget section */
		5717E50325C9DA34007F42DE /* LauncherApplication */ = {
			isa = PBXNativeTarget;
			buildConfigurationList = 5717E51125C9DA34007F42DE /* Build configuration list for PBXNativeTarget "LauncherApplication" */;
			buildPhases = (
				5717E50025C9DA34007F42DE /* Sources */,
				5717E50125C9DA34007F42DE /* Frameworks */,
				5717E50225C9DA34007F42DE /* Resources */,
			);
			buildRules = (
			);
			dependencies = (
			);
			name = LauncherApplication;
			productName = LauncherApplication;
			productReference = 5717E50425C9DA34007F42DE /* LauncherApplication.app */;
			productType = "com.apple.product-type.application";
		};
		57A536BB259E156400EC3892 /* XPCService */ = {
			isa = PBXNativeTarget;
			buildConfigurationList = 57A536CB259E156400EC3892 /* Build configuration list for PBXNativeTarget "XPCService" */;
			buildPhases = (
				57A536B8259E156400EC3892 /* Sources */,
				57A536B9259E156400EC3892 /* Frameworks */,
				57A536BA259E156400EC3892 /* Resources */,
			);
			buildRules = (
			);
			dependencies = (
			);
			name = XPCService;
			productName = XPCService;
			productReference = 57A536BC259E156400EC3892 /* XPCService.xpc */;
			productType = "com.apple.product-type.xpc-service";
		};
		7F5F160D2598F2F7004122EF /* Chronos */ = {
			isa = PBXNativeTarget;
			buildConfigurationList = 7F5F161E2598F2F8004122EF /* Build configuration list for PBXNativeTarget "Chronos" */;
			buildPhases = (
				7F5F160A2598F2F7004122EF /* Sources */,
				7F5F160B2598F2F7004122EF /* Frameworks */,
				7F5F160C2598F2F7004122EF /* Resources */,
				57A536C8259E156400EC3892 /* Embed XPC Services */,
				57A53734259FB4FA00EC3892 /* Embed Frameworks */,
				57FDFF2625C8A93200329B4F /* CopyFiles */,
			);
			buildRules = (
			);
			dependencies = (
				57A536C6259E156400EC3892 /* PBXTargetDependency */,
				5717E51825C9DB26007F42DE /* PBXTargetDependency */,
			);
			name = Chronos;
			productName = Chronos;
			productReference = 7F5F160E2598F2F7004122EF /* Chronos.app */;
			productType = "com.apple.product-type.application";
		};
/* End PBXNativeTarget section */

/* Begin PBXProject section */
		7F5F16062598F2F7004122EF /* Project object */ = {
			isa = PBXProject;
			attributes = {
				LastSwiftUpdateCheck = 1240;
				LastUpgradeCheck = 1230;
				TargetAttributes = {
					5717E50325C9DA34007F42DE = {
						CreatedOnToolsVersion = 12.4;
					};
					57A536BB259E156400EC3892 = {
						CreatedOnToolsVersion = 12.2;
					};
					7F5F160D2598F2F7004122EF = {
						CreatedOnToolsVersion = 12.3;
					};
				};
			};
			buildConfigurationList = 7F5F16092598F2F7004122EF /* Build configuration list for PBXProject "Chronos" */;
			compatibilityVersion = "Xcode 9.3";
			developmentRegion = en;
			hasScannedForEncodings = 0;
			knownRegions = (
				en,
				Base,
			);
			mainGroup = 7F5F16052598F2F7004122EF;
			productRefGroup = 7F5F160F2598F2F7004122EF /* Products */;
			projectDirPath = "";
			projectRoot = "";
			targets = (
				7F5F160D2598F2F7004122EF /* Chronos */,
				57A536BB259E156400EC3892 /* XPCService */,
				5717E50325C9DA34007F42DE /* LauncherApplication */,
			);
		};
/* End PBXProject section */

/* Begin PBXResourcesBuildPhase section */
		5717E50225C9DA34007F42DE /* Resources */ = {
			isa = PBXResourcesBuildPhase;
			buildActionMask = 2147483647;
			files = (
				5717E50B25C9DA34007F42DE /* Assets.xcassets in Resources */,
				5717E50E25C9DA34007F42DE /* Main.storyboard in Resources */,
			);
			runOnlyForDeploymentPostprocessing = 0;
		};
		57A536BA259E156400EC3892 /* Resources */ = {
			isa = PBXResourcesBuildPhase;
			buildActionMask = 2147483647;
			files = (
			);
			runOnlyForDeploymentPostprocessing = 0;
		};
		7F5F160C2598F2F7004122EF /* Resources */ = {
			isa = PBXResourcesBuildPhase;
			buildActionMask = 2147483647;
			files = (
				7F5F16192598F2F8004122EF /* Preview Assets.xcassets in Resources */,
				7F5F16162598F2F8004122EF /* Assets.xcassets in Resources */,
				5717E51625C9DB26007F42DE /* LauncherApplication.app in Resources */,
			);
			runOnlyForDeploymentPostprocessing = 0;
		};
/* End PBXResourcesBuildPhase section */

/* Begin PBXSourcesBuildPhase section */
		5717E50025C9DA34007F42DE /* Sources */ = {
			isa = PBXSourcesBuildPhase;
			buildActionMask = 2147483647;
			files = (
				5717E50925C9DA34007F42DE /* ViewController.swift in Sources */,
				5717E50725C9DA34007F42DE /* AppDelegate.swift in Sources */,
			);
			runOnlyForDeploymentPostprocessing = 0;
		};
		57A536B8259E156400EC3892 /* Sources */ = {
			isa = PBXSourcesBuildPhase;
			buildActionMask = 2147483647;
			files = (
				57A53720259FA6E300EC3892 /* TimeZoneUtil.swift in Sources */,
				57A53703259E1ED700EC3892 /* ChronosClientProtocol.swift in Sources */,
				57A53701259E1ED700EC3892 /* ChronosServiceProtocol.swift in Sources */,
				57A536DF259E16BF00EC3892 /* ChronosServiceDelegate.swift in Sources */,
				57A536E0259E16BF00EC3892 /* ChronosService.swift in Sources */,
				57A536E1259E16BF00EC3892 /* main.swift in Sources */,
			);
			runOnlyForDeploymentPostprocessing = 0;
		};
		7F5F160A2598F2F7004122EF /* Sources */ = {
			isa = PBXSourcesBuildPhase;
			buildActionMask = 2147483647;
			files = (
				7F7E170A25B49FCD004D6CB8 /* TimeZoneUtility.swift in Sources */,
				7F7E16FC25B485EC004D6CB8 /* ArrayExtension.swift in Sources */,
				7F5F1644259E2A8C004122EF /* AppDelegate.swift in Sources */,
				7FBC4EBA25B481A400796810 /* ObserverManager.swift in Sources */,
				57A53700259E1ED700EC3892 /* ChronosServiceProtocol.swift in Sources */,
				7F7E16F725B48555004D6CB8 /* MenuItemParentLink.swift in Sources */,
				7FBC4EB225B4744800796810 /* ChronosSettings+CoreDataProperties.swift in Sources */,
				57A5370B259E236100EC3892 /* ChronosClient.swift in Sources */,
				57A53702259E1ED700EC3892 /* ChronosClientProtocol.swift in Sources */,
				7F5F16122598F2F7004122EF /* ChronosApp.swift in Sources */,
				7FBC4EB125B4744800796810 /* ChronosSettings+CoreDataClass.swift in Sources */,
				7FBC4EA325B468CC00796810 /* ChronosDataModel.xcdatamodeld in Sources */,
				578D9EF925B3094E000FFFA0 /* Observer.swift in Sources */,
				7FBC4E7925B340AA00796810 /* ChronosStatusBar.swift in Sources */,
				57A53707259E20F000EC3892 /* IPCClient.swift in Sources */,
				7F7E170125B48E3B004D6CB8 /* Database.swift in Sources */,
				7F7E170625B49051004D6CB8 /* TimeZoneEntity.swift in Sources */,
				7FBC4EBE25B4820400796810 /* GlobalObserverManager.swift in Sources */,
			);
			runOnlyForDeploymentPostprocessing = 0;
		};
/* End PBXSourcesBuildPhase section */

/* Begin PBXTargetDependency section */
		5717E51825C9DB26007F42DE /* PBXTargetDependency */ = {
			isa = PBXTargetDependency;
			target = 5717E50325C9DA34007F42DE /* LauncherApplication */;
			targetProxy = 5717E51725C9DB26007F42DE /* PBXContainerItemProxy */;
		};
		57A536C6259E156400EC3892 /* PBXTargetDependency */ = {
			isa = PBXTargetDependency;
			target = 57A536BB259E156400EC3892 /* XPCService */;
			targetProxy = 57A536C5259E156400EC3892 /* PBXContainerItemProxy */;
		};
/* End PBXTargetDependency section */

/* Begin PBXVariantGroup section */
		5717E50C25C9DA34007F42DE /* Main.storyboard */ = {
			isa = PBXVariantGroup;
			children = (
				5717E50D25C9DA34007F42DE /* Base */,
			);
			name = Main.storyboard;
			sourceTree = "<group>";
		};
/* End PBXVariantGroup section */

/* Begin XCBuildConfiguration section */
		5717E51225C9DA34007F42DE /* Debug */ = {
			isa = XCBuildConfiguration;
			buildSettings = {
				ASSETCATALOG_COMPILER_APPICON_NAME = AppIcon;
				ASSETCATALOG_COMPILER_GLOBAL_ACCENT_COLOR_NAME = AccentColor;
				CODE_SIGN_ENTITLEMENTS = LauncherApplication/LauncherApplication.entitlements;
				CODE_SIGN_IDENTITY = "-";
				CODE_SIGN_STYLE = Automatic;
				COMBINE_HIDPI_IMAGES = YES;
				DEVELOPMENT_TEAM = "";
				INFOPLIST_FILE = LauncherApplication/Info.plist;
				LD_RUNPATH_SEARCH_PATHS = (
					"$(inherited)",
					"@executable_path/../Frameworks",
				);
				PRODUCT_BUNDLE_IDENTIFIER = nogen.Chronus.LauncherApplication;
				PRODUCT_NAME = "$(TARGET_NAME)";
				SKIP_INSTALL = YES;
				SWIFT_VERSION = 5.0;
			};
			name = Debug;
		};
		5717E51325C9DA34007F42DE /* Release */ = {
			isa = XCBuildConfiguration;
			buildSettings = {
				ASSETCATALOG_COMPILER_APPICON_NAME = AppIcon;
				ASSETCATALOG_COMPILER_GLOBAL_ACCENT_COLOR_NAME = AccentColor;
				CODE_SIGN_ENTITLEMENTS = LauncherApplication/LauncherApplication.entitlements;
				CODE_SIGN_IDENTITY = "-";
				CODE_SIGN_STYLE = Automatic;
				COMBINE_HIDPI_IMAGES = YES;
				DEVELOPMENT_TEAM = "";
				INFOPLIST_FILE = LauncherApplication/Info.plist;
				LD_RUNPATH_SEARCH_PATHS = (
					"$(inherited)",
					"@executable_path/../Frameworks",
				);
				PRODUCT_BUNDLE_IDENTIFIER = nogen.Chronus.LauncherApplication;
				PRODUCT_NAME = "$(TARGET_NAME)";
				SKIP_INSTALL = YES;
				SWIFT_VERSION = 5.0;
			};
			name = Release;
		};
		57A536C9259E156400EC3892 /* Debug */ = {
			isa = XCBuildConfiguration;
			buildSettings = {
				CODE_SIGN_IDENTITY = "-";
				CODE_SIGN_STYLE = Automatic;
				COMBINE_HIDPI_IMAGES = YES;
				DEVELOPMENT_ASSET_PATHS = IPC;
				DEVELOPMENT_TEAM = "";
				INFOPLIST_FILE = XPCService/Info.plist;
				LD_RUNPATH_SEARCH_PATHS = "@loader_path/../../../../Frameworks";
				MACOSX_DEPLOYMENT_TARGET = 11.0;
				PRODUCT_BUNDLE_IDENTIFIER = nogen.Chronos.XPCService;
				PRODUCT_NAME = "$(TARGET_NAME)";
				SKIP_INSTALL = YES;
				SWIFT_INSTALL_OBJC_HEADER = NO;
				SWIFT_OBJC_INTERFACE_HEADER_NAME = "";
				SWIFT_VERSION = 5.0;
			};
			name = Debug;
		};
		57A536CA259E156400EC3892 /* Release */ = {
			isa = XCBuildConfiguration;
			buildSettings = {
				CODE_SIGN_IDENTITY = "-";
				CODE_SIGN_STYLE = Automatic;
				COMBINE_HIDPI_IMAGES = YES;
				DEVELOPMENT_ASSET_PATHS = IPC;
				DEVELOPMENT_TEAM = "";
				INFOPLIST_FILE = XPCService/Info.plist;
				LD_RUNPATH_SEARCH_PATHS = "@loader_path/../../../../Frameworks";
				MACOSX_DEPLOYMENT_TARGET = 11.0;
				PRODUCT_BUNDLE_IDENTIFIER = nogen.Chronos.XPCService;
				PRODUCT_NAME = "$(TARGET_NAME)";
				SKIP_INSTALL = YES;
				SWIFT_INSTALL_OBJC_HEADER = NO;
				SWIFT_OBJC_INTERFACE_HEADER_NAME = "";
				SWIFT_VERSION = 5.0;
			};
			name = Release;
		};
		7F5F161C2598F2F8004122EF /* Debug */ = {
			isa = XCBuildConfiguration;
			buildSettings = {
				ALWAYS_SEARCH_USER_PATHS = NO;
				CLANG_ANALYZER_NONNULL = YES;
				CLANG_ANALYZER_NUMBER_OBJECT_CONVERSION = YES_AGGRESSIVE;
				CLANG_CXX_LANGUAGE_STANDARD = "gnu++14";
				CLANG_CXX_LIBRARY = "libc++";
				CLANG_ENABLE_MODULES = YES;
				CLANG_ENABLE_OBJC_ARC = YES;
				CLANG_ENABLE_OBJC_WEAK = YES;
				CLANG_WARN_BLOCK_CAPTURE_AUTORELEASING = YES;
				CLANG_WARN_BOOL_CONVERSION = YES;
				CLANG_WARN_COMMA = YES;
				CLANG_WARN_CONSTANT_CONVERSION = YES;
				CLANG_WARN_DEPRECATED_OBJC_IMPLEMENTATIONS = YES;
				CLANG_WARN_DIRECT_OBJC_ISA_USAGE = YES_ERROR;
				CLANG_WARN_DOCUMENTATION_COMMENTS = YES;
				CLANG_WARN_EMPTY_BODY = YES;
				CLANG_WARN_ENUM_CONVERSION = YES;
				CLANG_WARN_INFINITE_RECURSION = YES;
				CLANG_WARN_INT_CONVERSION = YES;
				CLANG_WARN_NON_LITERAL_NULL_CONVERSION = YES;
				CLANG_WARN_OBJC_IMPLICIT_RETAIN_SELF = YES;
				CLANG_WARN_OBJC_LITERAL_CONVERSION = YES;
				CLANG_WARN_OBJC_ROOT_CLASS = YES_ERROR;
				CLANG_WARN_QUOTED_INCLUDE_IN_FRAMEWORK_HEADER = YES;
				CLANG_WARN_RANGE_LOOP_ANALYSIS = YES;
				CLANG_WARN_STRICT_PROTOTYPES = YES;
				CLANG_WARN_SUSPICIOUS_MOVE = YES;
				CLANG_WARN_UNGUARDED_AVAILABILITY = YES_AGGRESSIVE;
				CLANG_WARN_UNREACHABLE_CODE = YES;
				CLANG_WARN__DUPLICATE_METHOD_MATCH = YES;
				COPY_PHASE_STRIP = NO;
				DEBUG_INFORMATION_FORMAT = dwarf;
				ENABLE_STRICT_OBJC_MSGSEND = YES;
				ENABLE_TESTABILITY = YES;
				GCC_C_LANGUAGE_STANDARD = gnu11;
				GCC_DYNAMIC_NO_PIC = NO;
				GCC_NO_COMMON_BLOCKS = YES;
				GCC_OPTIMIZATION_LEVEL = 0;
				GCC_PREPROCESSOR_DEFINITIONS = (
					"DEBUG=1",
					"$(inherited)",
				);
				GCC_WARN_64_TO_32_BIT_CONVERSION = YES;
				GCC_WARN_ABOUT_RETURN_TYPE = YES_ERROR;
				GCC_WARN_UNDECLARED_SELECTOR = YES;
				GCC_WARN_UNINITIALIZED_AUTOS = YES_AGGRESSIVE;
				GCC_WARN_UNUSED_FUNCTION = YES;
				GCC_WARN_UNUSED_VARIABLE = YES;
				MACOSX_DEPLOYMENT_TARGET = 11.1;
				MTL_ENABLE_DEBUG_INFO = INCLUDE_SOURCE;
				MTL_FAST_MATH = YES;
				ONLY_ACTIVE_ARCH = YES;
				SDKROOT = macosx;
				SWIFT_ACTIVE_COMPILATION_CONDITIONS = DEBUG;
				SWIFT_OPTIMIZATION_LEVEL = "-Onone";
			};
			name = Debug;
		};
		7F5F161D2598F2F8004122EF /* Release */ = {
			isa = XCBuildConfiguration;
			buildSettings = {
				ALWAYS_SEARCH_USER_PATHS = NO;
				CLANG_ANALYZER_NONNULL = YES;
				CLANG_ANALYZER_NUMBER_OBJECT_CONVERSION = YES_AGGRESSIVE;
				CLANG_CXX_LANGUAGE_STANDARD = "gnu++14";
				CLANG_CXX_LIBRARY = "libc++";
				CLANG_ENABLE_MODULES = YES;
				CLANG_ENABLE_OBJC_ARC = YES;
				CLANG_ENABLE_OBJC_WEAK = YES;
				CLANG_WARN_BLOCK_CAPTURE_AUTORELEASING = YES;
				CLANG_WARN_BOOL_CONVERSION = YES;
				CLANG_WARN_COMMA = YES;
				CLANG_WARN_CONSTANT_CONVERSION = YES;
				CLANG_WARN_DEPRECATED_OBJC_IMPLEMENTATIONS = YES;
				CLANG_WARN_DIRECT_OBJC_ISA_USAGE = YES_ERROR;
				CLANG_WARN_DOCUMENTATION_COMMENTS = YES;
				CLANG_WARN_EMPTY_BODY = YES;
				CLANG_WARN_ENUM_CONVERSION = YES;
				CLANG_WARN_INFINITE_RECURSION = YES;
				CLANG_WARN_INT_CONVERSION = YES;
				CLANG_WARN_NON_LITERAL_NULL_CONVERSION = YES;
				CLANG_WARN_OBJC_IMPLICIT_RETAIN_SELF = YES;
				CLANG_WARN_OBJC_LITERAL_CONVERSION = YES;
				CLANG_WARN_OBJC_ROOT_CLASS = YES_ERROR;
				CLANG_WARN_QUOTED_INCLUDE_IN_FRAMEWORK_HEADER = YES;
				CLANG_WARN_RANGE_LOOP_ANALYSIS = YES;
				CLANG_WARN_STRICT_PROTOTYPES = YES;
				CLANG_WARN_SUSPICIOUS_MOVE = YES;
				CLANG_WARN_UNGUARDED_AVAILABILITY = YES_AGGRESSIVE;
				CLANG_WARN_UNREACHABLE_CODE = YES;
				CLANG_WARN__DUPLICATE_METHOD_MATCH = YES;
				COPY_PHASE_STRIP = NO;
				DEBUG_INFORMATION_FORMAT = "dwarf-with-dsym";
				ENABLE_NS_ASSERTIONS = NO;
				ENABLE_STRICT_OBJC_MSGSEND = YES;
				GCC_C_LANGUAGE_STANDARD = gnu11;
				GCC_NO_COMMON_BLOCKS = YES;
				GCC_WARN_64_TO_32_BIT_CONVERSION = YES;
				GCC_WARN_ABOUT_RETURN_TYPE = YES_ERROR;
				GCC_WARN_UNDECLARED_SELECTOR = YES;
				GCC_WARN_UNINITIALIZED_AUTOS = YES_AGGRESSIVE;
				GCC_WARN_UNUSED_FUNCTION = YES;
				GCC_WARN_UNUSED_VARIABLE = YES;
				MACOSX_DEPLOYMENT_TARGET = 11.1;
				MTL_ENABLE_DEBUG_INFO = NO;
				MTL_FAST_MATH = YES;
				SDKROOT = macosx;
				SWIFT_COMPILATION_MODE = wholemodule;
				SWIFT_OPTIMIZATION_LEVEL = "-O";
			};
			name = Release;
		};
		7F5F161F2598F2F8004122EF /* Debug */ = {
			isa = XCBuildConfiguration;
			buildSettings = {
				ALWAYS_EMBED_SWIFT_STANDARD_LIBRARIES = YES;
				ASSETCATALOG_COMPILER_APPICON_NAME = AppIcon;
				ASSETCATALOG_COMPILER_GLOBAL_ACCENT_COLOR_NAME = AccentColor;
				CODE_SIGN_ENTITLEMENTS = Chronos/Chronos.entitlements;
				CODE_SIGN_IDENTITY = "-";
				CODE_SIGN_STYLE = Automatic;
				COMBINE_HIDPI_IMAGES = YES;
				DEVELOPMENT_ASSET_PATHS = "Chronos/Preview\\ Content IPC";
				DEVELOPMENT_TEAM = "";
				ENABLE_HARDENED_RUNTIME = YES;
				ENABLE_PREVIEWS = YES;
				INFOPLIST_FILE = Chronos/Info.plist;
				LD_RUNPATH_SEARCH_PATHS = (
					"$(inherited)",
					"@executable_path/../Frameworks",
				);
				MACOSX_DEPLOYMENT_TARGET = 11.0;
				PRODUCT_BUNDLE_IDENTIFIER = nogen.Chronos;
				PRODUCT_NAME = "$(TARGET_NAME)";
				SWIFT_VERSION = 5.0;
			};
			name = Debug;
		};
		7F5F16202598F2F8004122EF /* Release */ = {
			isa = XCBuildConfiguration;
			buildSettings = {
				ALWAYS_EMBED_SWIFT_STANDARD_LIBRARIES = YES;
				ASSETCATALOG_COMPILER_APPICON_NAME = AppIcon;
				ASSETCATALOG_COMPILER_GLOBAL_ACCENT_COLOR_NAME = AccentColor;
				CODE_SIGN_ENTITLEMENTS = Chronos/Chronos.entitlements;
				CODE_SIGN_IDENTITY = "-";
				CODE_SIGN_STYLE = Automatic;
				COMBINE_HIDPI_IMAGES = YES;
				DEVELOPMENT_ASSET_PATHS = "Chronos/Preview\\ Content IPC";
				DEVELOPMENT_TEAM = "";
				ENABLE_HARDENED_RUNTIME = YES;
				ENABLE_PREVIEWS = YES;
				INFOPLIST_FILE = Chronos/Info.plist;
				LD_RUNPATH_SEARCH_PATHS = (
					"$(inherited)",
					"@executable_path/../Frameworks",
				);
				MACOSX_DEPLOYMENT_TARGET = 11.0;
				PRODUCT_BUNDLE_IDENTIFIER = nogen.Chronos;
				PRODUCT_NAME = "$(TARGET_NAME)";
				SWIFT_VERSION = 5.0;
			};
			name = Release;
		};
/* End XCBuildConfiguration section */

/* Begin XCConfigurationList section */
		5717E51125C9DA34007F42DE /* Build configuration list for PBXNativeTarget "LauncherApplication" */ = {
			isa = XCConfigurationList;
			buildConfigurations = (
				5717E51225C9DA34007F42DE /* Debug */,
				5717E51325C9DA34007F42DE /* Release */,
			);
			defaultConfigurationIsVisible = 0;
			defaultConfigurationName = Release;
		};
		57A536CB259E156400EC3892 /* Build configuration list for PBXNativeTarget "XPCService" */ = {
			isa = XCConfigurationList;
			buildConfigurations = (
				57A536C9259E156400EC3892 /* Debug */,
				57A536CA259E156400EC3892 /* Release */,
			);
			defaultConfigurationIsVisible = 0;
			defaultConfigurationName = Release;
		};
		7F5F16092598F2F7004122EF /* Build configuration list for PBXProject "Chronos" */ = {
			isa = XCConfigurationList;
			buildConfigurations = (
				7F5F161C2598F2F8004122EF /* Debug */,
				7F5F161D2598F2F8004122EF /* Release */,
			);
			defaultConfigurationIsVisible = 0;
			defaultConfigurationName = Release;
		};
		7F5F161E2598F2F8004122EF /* Build configuration list for PBXNativeTarget "Chronos" */ = {
			isa = XCConfigurationList;
			buildConfigurations = (
				7F5F161F2598F2F8004122EF /* Debug */,
				7F5F16202598F2F8004122EF /* Release */,
			);
			defaultConfigurationIsVisible = 0;
			defaultConfigurationName = Release;
		};
/* End XCConfigurationList section */

/* Begin XCVersionGroup section */
		7FBC4EA125B468CC00796810 /* ChronosDataModel.xcdatamodeld */ = {
			isa = XCVersionGroup;
			children = (
				7FBC4EA225B468CC00796810 /* ChronosDataModel.xcdatamodel */,
			);
			currentVersion = 7FBC4EA225B468CC00796810 /* ChronosDataModel.xcdatamodel */;
			path = ChronosDataModel.xcdatamodeld;
			sourceTree = "<group>";
			versionGroupType = wrapper.xcdatamodel;
		};
/* End XCVersionGroup section */
	};
	rootObject = 7F5F16062598F2F7004122EF /* Project object */;
}
